
Microsoft Visual Studio Solution File, Format Version 12.00
# Visual Studio Version 17
VisualStudioVersion = 17.10.35122.118
MinimumVisualStudioVersion = 10.0.40219.1
Project("{9A19103F-16F7-4668-BE54-9A1E7A4F7556}") = "DZ_13_1_Shop", "DZ_13_1_Shop.csproj", "{CA501BA7-3A37-402C-909A-6ED56CD9AE75}"
EndProject
Global
	GlobalSection(SolutionConfigurationPlatforms) = preSolution
		Debug|Any CPU = Debug|Any CPU
		Release|Any CPU = Release|Any CPU
	EndGlobalSection
	GlobalSection(ProjectConfigurationPlatforms) = postSolution
		{CA501BA7-3A37-402C-909A-6ED56CD9AE75}.Debug|Any CPU.ActiveCfg = Debug|Any CPU
		{CA501BA7-3A37-402C-909A-6ED56CD9AE75}.Debug|Any CPU.Build.0 = Debug|Any CPU
		{CA501BA7-3A37-402C-909A-6ED56CD9AE75}.Release|Any CPU.ActiveCfg = Release|Any CPU
		{CA501BA7-3A37-402C-909A-6ED56CD9AE75}.Release|Any CPU.Build.0 = Release|Any CPU
	EndGlobalSection
	GlobalSection(SolutionProperties) = preSolution
		HideSolutionNode = FALSE
	EndGlobalSection
	GlobalSection(ExtensibilityGlobals) = postSolution
		SolutionGuid = {72403587-F1A3-4B4C-BBE0-FB6075C6945C}
	EndGlobalSection
EndGlobal
