
Microsoft Visual Studio Solution File, Format Version 12.00
# Visual Studio Version 17
VisualStudioVersion = 17.8.34330.188
MinimumVisualStudioVersion = 10.0.40219.1
Project("{FAE04EC0-301F-11D3-BF4B-00C04F79EFBC}") = "DZ_Interface", "DZ_Interface.csproj", "{40C45417-2797-44EA-92B9-5408FD732A04}"
EndProject
Global
	GlobalSection(SolutionConfigurationPlatforms) = preSolution
		Debug|Any CPU = Debug|Any CPU
		Release|Any CPU = Release|Any CPU
	EndGlobalSection
	GlobalSection(ProjectConfigurationPlatforms) = postSolution
		{40C45417-2797-44EA-92B9-5408FD732A04}.Debug|Any CPU.ActiveCfg = Debug|Any CPU
		{40C45417-2797-44EA-92B9-5408FD732A04}.Debug|Any CPU.Build.0 = Debug|Any CPU
		{40C45417-2797-44EA-92B9-5408FD732A04}.Release|Any CPU.ActiveCfg = Release|Any CPU
		{40C45417-2797-44EA-92B9-5408FD732A04}.Release|Any CPU.Build.0 = Release|Any CPU
	EndGlobalSection
	GlobalSection(SolutionProperties) = preSolution
		HideSolutionNode = FALSE
	EndGlobalSection
	GlobalSection(ExtensibilityGlobals) = postSolution
		SolutionGuid = {D934A7AF-EF2F-415C-AC70-9ACAFFC236FD}
	EndGlobalSection
EndGlobal
