
Microsoft Visual Studio Solution File, Format Version 12.00
# Visual Studio Version 17
VisualStudioVersion = 17.10.35122.118
MinimumVisualStudioVersion = 10.0.40219.1
Project("{FAE04EC0-301F-11D3-BF4B-00C04F79EFBC}") = "DZ_8", "DZ_8.csproj", "{8C288AEB-FF25-4FE4-A3C3-DD135549C69F}"
EndProject
Global
	GlobalSection(SolutionConfigurationPlatforms) = preSolution
		Debug|Any CPU = Debug|Any CPU
		Release|Any CPU = Release|Any CPU
	EndGlobalSection
	GlobalSection(ProjectConfigurationPlatforms) = postSolution
		{8C288AEB-FF25-4FE4-A3C3-DD135549C69F}.Debug|Any CPU.ActiveCfg = Debug|Any CPU
		{8C288AEB-FF25-4FE4-A3C3-DD135549C69F}.Debug|Any CPU.Build.0 = Debug|Any CPU
		{8C288AEB-FF25-4FE4-A3C3-DD135549C69F}.Release|Any CPU.ActiveCfg = Release|Any CPU
		{8C288AEB-FF25-4FE4-A3C3-DD135549C69F}.Release|Any CPU.Build.0 = Release|Any CPU
	EndGlobalSection
	GlobalSection(SolutionProperties) = preSolution
		HideSolutionNode = FALSE
	EndGlobalSection
	GlobalSection(ExtensibilityGlobals) = postSolution
		SolutionGuid = {0ECB7C5B-128C-431F-BD4D-E32881D1E2C3}
	EndGlobalSection
EndGlobal
