
Microsoft Visual Studio Solution File, Format Version 12.00
# Visual Studio Version 17
VisualStudioVersion = 17.10.35122.118
MinimumVisualStudioVersion = 10.0.40219.1
Project("{FAE04EC0-301F-11D3-BF4B-00C04F79EFBC}") = "DZ_10", "DZ_10.csproj", "{65E5DE48-50C7-41F8-ADF5-D8E0F529A974}"
EndProject
Global
	GlobalSection(SolutionConfigurationPlatforms) = preSolution
		Debug|Any CPU = Debug|Any CPU
		Release|Any CPU = Release|Any CPU
	EndGlobalSection
	GlobalSection(ProjectConfigurationPlatforms) = postSolution
		{65E5DE48-50C7-41F8-ADF5-D8E0F529A974}.Debug|Any CPU.ActiveCfg = Debug|Any CPU
		{65E5DE48-50C7-41F8-ADF5-D8E0F529A974}.Debug|Any CPU.Build.0 = Debug|Any CPU
		{65E5DE48-50C7-41F8-ADF5-D8E0F529A974}.Release|Any CPU.ActiveCfg = Release|Any CPU
		{65E5DE48-50C7-41F8-ADF5-D8E0F529A974}.Release|Any CPU.Build.0 = Release|Any CPU
	EndGlobalSection
	GlobalSection(SolutionProperties) = preSolution
		HideSolutionNode = FALSE
	EndGlobalSection
	GlobalSection(ExtensibilityGlobals) = postSolution
		SolutionGuid = {C3F9F22B-EBAB-40AB-A39D-520B45B3BA6F}
	EndGlobalSection
EndGlobal
