
Microsoft Visual Studio Solution File, Format Version 12.00
# Visual Studio Version 17
VisualStudioVersion = 17.10.35122.118
MinimumVisualStudioVersion = 10.0.40219.1
Project("{FAE04EC0-301F-11D3-BF4B-00C04F79EFBC}") = "DZ_17", "DZ_17.csproj", "{3ADFDBDA-2DA9-48A5-9F28-04A410737D49}"
EndProject
Global
	GlobalSection(SolutionConfigurationPlatforms) = preSolution
		Debug|Any CPU = Debug|Any CPU
		Release|Any CPU = Release|Any CPU
	EndGlobalSection
	GlobalSection(ProjectConfigurationPlatforms) = postSolution
		{3ADFDBDA-2DA9-48A5-9F28-04A410737D49}.Debug|Any CPU.ActiveCfg = Debug|Any CPU
		{3ADFDBDA-2DA9-48A5-9F28-04A410737D49}.Debug|Any CPU.Build.0 = Debug|Any CPU
		{3ADFDBDA-2DA9-48A5-9F28-04A410737D49}.Release|Any CPU.ActiveCfg = Release|Any CPU
		{3ADFDBDA-2DA9-48A5-9F28-04A410737D49}.Release|Any CPU.Build.0 = Release|Any CPU
	EndGlobalSection
	GlobalSection(SolutionProperties) = preSolution
		HideSolutionNode = FALSE
	EndGlobalSection
	GlobalSection(ExtensibilityGlobals) = postSolution
		SolutionGuid = {24375A07-2F8E-4080-93CC-2D47873089D7}
	EndGlobalSection
EndGlobal
