
Microsoft Visual Studio Solution File, Format Version 12.00
# Visual Studio Version 17
VisualStudioVersion = 17.8.34330.188
MinimumVisualStudioVersion = 10.0.40219.1
Project("{FAE04EC0-301F-11D3-BF4B-00C04F79EFBC}") = "DZ_3", "DZ_3.csproj", "{9558FA24-03AA-47EB-99E8-7155B844BAE8}"
EndProject
Global
	GlobalSection(SolutionConfigurationPlatforms) = preSolution
		Debug|Any CPU = Debug|Any CPU
		Release|Any CPU = Release|Any CPU
	EndGlobalSection
	GlobalSection(ProjectConfigurationPlatforms) = postSolution
		{9558FA24-03AA-47EB-99E8-7155B844BAE8}.Debug|Any CPU.ActiveCfg = Debug|Any CPU
		{9558FA24-03AA-47EB-99E8-7155B844BAE8}.Debug|Any CPU.Build.0 = Debug|Any CPU
		{9558FA24-03AA-47EB-99E8-7155B844BAE8}.Release|Any CPU.ActiveCfg = Release|Any CPU
		{9558FA24-03AA-47EB-99E8-7155B844BAE8}.Release|Any CPU.Build.0 = Release|Any CPU
	EndGlobalSection
	GlobalSection(SolutionProperties) = preSolution
		HideSolutionNode = FALSE
	EndGlobalSection
	GlobalSection(ExtensibilityGlobals) = postSolution
		SolutionGuid = {F7A8057F-608B-4194-AFFA-E06393E157B7}
	EndGlobalSection
EndGlobal
